// !$*UTF8*$!
{
	archiveVersion = 1;
	classes = {
	};
	objectVersion = 48;
	objects = {

/* Begin PBXBuildFile section */
		DDC2F91B23B45B8B00D16B88 /* PDListSectionControllerConfiguration.m in Sources */ = {isa = PBXBuildFile; fileRef = DDC2F91A23B45B8B00D16B88 /* PDListSectionControllerConfiguration.m */; };
		EC223FCA2060DD6D00E80D7A /* PDListSectionController.m in Sources */ = {isa = PBXBuildFile; fileRef = EC223FC92060DD6D00E80D7A /* PDListSectionController.m */; };
		EC223FCD2060DD8600E80D7A /* PDListAdapter.m in Sources */ = {isa = PBXBuildFile; fileRef = EC223FCC2060DD8600E80D7A /* PDListAdapter.m */; };
		EC223FE0206115EE00E80D7A /* PDTestCell.m in Sources */ = {isa = PBXBuildFile; fileRef = EC223FDF206115EE00E80D7A /* PDTestCell.m */; };
		EC223FE92061171600E80D7A /* UITableViewCell+PDCellAutoHeight.m in Sources */ = {isa = PBXBuildFile; fileRef = EC223FE22061171600E80D7A /* UITableViewCell+PDCellAutoHeight.m */; };
		EC223FEA2061171600E80D7A /* PDCellAutoHeightConst.m in Sources */ = {isa = PBXBuildFile; fileRef = EC223FE32061171600E80D7A /* PDCellAutoHeightConst.m */; };
		EC223FEB2061171600E80D7A /* UITableView+PDCellAutoHeight.m in Sources */ = {isa = PBXBuildFile; fileRef = EC223FE42061171600E80D7A /* UITableView+PDCellAutoHeight.m */; };
		EC223FEE206117EE00E80D7A /* PDFirstSectionController.m in Sources */ = {isa = PBXBuildFile; fileRef = EC223FED206117EE00E80D7A /* PDFirstSectionController.m */; };
		EC223FF1206117FE00E80D7A /* PDSecondSectionController.m in Sources */ = {isa = PBXBuildFile; fileRef = EC223FF0206117FE00E80D7A /* PDSecondSectionController.m */; };
		EC223FF4206209EB00E80D7A /* PDListAdapter+UITableView.m in Sources */ = {isa = PBXBuildFile; fileRef = EC223FF3206209EB00E80D7A /* PDListAdapter+UITableView.m */; };
		EC223FFA2062280600E80D7A /* PDListSingleSectionController.m in Sources */ = {isa = PBXBuildFile; fileRef = EC223FF92062280600E80D7A /* PDListSingleSectionController.m */; };
		EC2240002062468100E80D7A /* PDSingleSectionDemoController.m in Sources */ = {isa = PBXBuildFile; fileRef = EC223FFF2062468100E80D7A /* PDSingleSectionDemoController.m */; };
		EC7C91552060DB8B00F69FAB /* AppDelegate.m in Sources */ = {isa = PBXBuildFile; fileRef = EC7C91542060DB8B00F69FAB /* AppDelegate.m */; };
		EC7C91582060DB8B00F69FAB /* ViewController.m in Sources */ = {isa = PBXBuildFile; fileRef = EC7C91572060DB8B00F69FAB /* ViewController.m */; };
		EC7C915B2060DB8B00F69FAB /* Main.storyboard in Resources */ = {isa = PBXBuildFile; fileRef = EC7C91592060DB8B00F69FAB /* Main.storyboard */; };
		EC7C915D2060DB8B00F69FAB /* Assets.xcassets in Resources */ = {isa = PBXBuildFile; fileRef = EC7C915C2060DB8B00F69FAB /* Assets.xcassets */; };
		EC7C91602060DB8B00F69FAB /* LaunchScreen.storyboard in Resources */ = {isa = PBXBuildFile; fileRef = EC7C915E2060DB8B00F69FAB /* LaunchScreen.storyboard */; };
		EC7C91632060DB8B00F69FAB /* main.m in Sources */ = {isa = PBXBuildFile; fileRef = EC7C91622060DB8B00F69FAB /* main.m */; };
		EC7C916D2060DB8B00F69FAB /* PDListTests.m in Sources */ = {isa = PBXBuildFile; fileRef = EC7C916C2060DB8B00F69FAB /* PDListTests.m */; };
		EC7C91782060DB8B00F69FAB /* PDListUITests.m in Sources */ = {isa = PBXBuildFile; fileRef = EC7C91772060DB8B00F69FAB /* PDListUITests.m */; };
/* End PBXBuildFile section */

/* Begin PBXContainerItemProxy section */
		EC7C91692060DB8B00F69FAB /* PBXContainerItemProxy */ = {
			isa = PBXContainerItemProxy;
			containerPortal = EC7C91482060DB8B00F69FAB /* Project object */;
			proxyType = 1;
			remoteGlobalIDString = EC7C914F2060DB8B00F69FAB;
			remoteInfo = PDList;
		};
		EC7C91742060DB8B00F69FAB /* PBXContainerItemProxy */ = {
			isa = PBXContainerItemProxy;
			containerPortal = EC7C91482060DB8B00F69FAB /* Project object */;
			proxyType = 1;
			remoteGlobalIDString = EC7C914F2060DB8B00F69FAB;
			remoteInfo = PDList;
		};
/* End PBXContainerItemProxy section */

/* Begin PBXFileReference section */
		DDC2F91623B44D0D00D16B88 /* PDListAdapter+Internal.h */ = {isa = PBXFileReference; lastKnownFileType = sourcecode.c.h; path = "PDListAdapter+Internal.h"; sourceTree = "<group>"; };
		DDC2F91823B459C500D16B88 /* PDListSectionController+Internal.h */ = {isa = PBXFileReference; lastKnownFileType = sourcecode.c.h; path = "PDListSectionController+Internal.h"; sourceTree = "<group>"; };
		DDC2F91923B45B8B00D16B88 /* PDListSectionControllerConfiguration.h */ = {isa = PBXFileReference; lastKnownFileType = sourcecode.c.h; path = PDListSectionControllerConfiguration.h; sourceTree = "<group>"; };
		DDC2F91A23B45B8B00D16B88 /* PDListSectionControllerConfiguration.m */ = {isa = PBXFileReference; lastKnownFileType = sourcecode.c.objc; path = PDListSectionControllerConfiguration.m; sourceTree = "<group>"; };
		EC223FC82060DD6D00E80D7A /* PDListSectionController.h */ = {isa = PBXFileReference; lastKnownFileType = sourcecode.c.h; path = PDListSectionController.h; sourceTree = "<group>"; };
		EC223FC92060DD6D00E80D7A /* PDListSectionController.m */ = {isa = PBXFileReference; lastKnownFileType = sourcecode.c.objc; path = PDListSectionController.m; sourceTree = "<group>"; };
		EC223FCB2060DD8600E80D7A /* PDListAdapter.h */ = {isa = PBXFileReference; lastKnownFileType = sourcecode.c.h; path = PDListAdapter.h; sourceTree = "<group>"; };
		EC223FCC2060DD8600E80D7A /* PDListAdapter.m */ = {isa = PBXFileReference; lastKnownFileType = sourcecode.c.objc; path = PDListAdapter.m; sourceTree = "<group>"; };
		EC223FDE206115EE00E80D7A /* PDTestCell.h */ = {isa = PBXFileReference; lastKnownFileType = sourcecode.c.h; path = PDTestCell.h; sourceTree = "<group>"; };
		EC223FDF206115EE00E80D7A /* PDTestCell.m */ = {isa = PBXFileReference; lastKnownFileType = sourcecode.c.objc; path = PDTestCell.m; sourceTree = "<group>"; };
		EC223FE22061171600E80D7A /* UITableViewCell+PDCellAutoHeight.m */ = {isa = PBXFileReference; fileEncoding = 4; lastKnownFileType = sourcecode.c.objc; path = "UITableViewCell+PDCellAutoHeight.m"; sourceTree = "<group>"; };
		EC223FE32061171600E80D7A /* PDCellAutoHeightConst.m */ = {isa = PBXFileReference; fileEncoding = 4; lastKnownFileType = sourcecode.c.objc; path = PDCellAutoHeightConst.m; sourceTree = "<group>"; };
		EC223FE42061171600E80D7A /* UITableView+PDCellAutoHeight.m */ = {isa = PBXFileReference; fileEncoding = 4; lastKnownFileType = sourcecode.c.objc; path = "UITableView+PDCellAutoHeight.m"; sourceTree = "<group>"; };
		EC223FE52061171600E80D7A /* UITableViewCell+PDCellAutoHeight.h */ = {isa = PBXFileReference; fileEncoding = 4; lastKnownFileType = sourcecode.c.h; path = "UITableViewCell+PDCellAutoHeight.h"; sourceTree = "<group>"; };
		EC223FE62061171600E80D7A /* PDCellAutoHeightProtocol.h */ = {isa = PBXFileReference; fileEncoding = 4; lastKnownFileType = sourcecode.c.h; path = PDCellAutoHeightProtocol.h; sourceTree = "<group>"; };
		EC223FE72061171600E80D7A /* UITableView+PDCellAutoHeight.h */ = {isa = PBXFileReference; fileEncoding = 4; lastKnownFileType = sourcecode.c.h; path = "UITableView+PDCellAutoHeight.h"; sourceTree = "<group>"; };
		EC223FE82061171600E80D7A /* PDCellAutoHeightConst.h */ = {isa = PBXFileReference; fileEncoding = 4; lastKnownFileType = sourcecode.c.h; path = PDCellAutoHeightConst.h; sourceTree = "<group>"; };
		EC223FEC206117EE00E80D7A /* PDFirstSectionController.h */ = {isa = PBXFileReference; lastKnownFileType = sourcecode.c.h; path = PDFirstSectionController.h; sourceTree = "<group>"; };
		EC223FED206117EE00E80D7A /* PDFirstSectionController.m */ = {isa = PBXFileReference; lastKnownFileType = sourcecode.c.objc; path = PDFirstSectionController.m; sourceTree = "<group>"; };
		EC223FEF206117FE00E80D7A /* PDSecondSectionController.h */ = {isa = PBXFileReference; lastKnownFileType = sourcecode.c.h; path = PDSecondSectionController.h; sourceTree = "<group>"; };
		EC223FF0206117FE00E80D7A /* PDSecondSectionController.m */ = {isa = PBXFileReference; lastKnownFileType = sourcecode.c.objc; path = PDSecondSectionController.m; sourceTree = "<group>"; };
		EC223FF2206209EB00E80D7A /* PDListAdapter+UITableView.h */ = {isa = PBXFileReference; lastKnownFileType = sourcecode.c.h; path = "PDListAdapter+UITableView.h"; sourceTree = "<group>"; };
		EC223FF3206209EB00E80D7A /* PDListAdapter+UITableView.m */ = {isa = PBXFileReference; lastKnownFileType = sourcecode.c.objc; path = "PDListAdapter+UITableView.m"; sourceTree = "<group>"; };
		EC223FF72062262800E80D7A /* PDListAssert.h */ = {isa = PBXFileReference; lastKnownFileType = sourcecode.c.h; path = PDListAssert.h; sourceTree = "<group>"; };
		EC223FF82062280600E80D7A /* PDListSingleSectionController.h */ = {isa = PBXFileReference; lastKnownFileType = sourcecode.c.h; path = PDListSingleSectionController.h; sourceTree = "<group>"; };
		EC223FF92062280600E80D7A /* PDListSingleSectionController.m */ = {isa = PBXFileReference; lastKnownFileType = sourcecode.c.objc; path = PDListSingleSectionController.m; sourceTree = "<group>"; };
		EC223FFE2062468100E80D7A /* PDSingleSectionDemoController.h */ = {isa = PBXFileReference; lastKnownFileType = sourcecode.c.h; path = PDSingleSectionDemoController.h; sourceTree = "<group>"; };
		EC223FFF2062468100E80D7A /* PDSingleSectionDemoController.m */ = {isa = PBXFileReference; lastKnownFileType = sourcecode.c.objc; path = PDSingleSectionDemoController.m; sourceTree = "<group>"; };
		EC2240012062470E00E80D7A /* PDList.h */ = {isa = PBXFileReference; lastKnownFileType = sourcecode.c.h; path = PDList.h; sourceTree = "<group>"; };
		EC7C91502060DB8B00F69FAB /* PDList.app */ = {isa = PBXFileReference; explicitFileType = wrapper.application; includeInIndex = 0; path = PDList.app; sourceTree = BUILT_PRODUCTS_DIR; };
		EC7C91532060DB8B00F69FAB /* AppDelegate.h */ = {isa = PBXFileReference; lastKnownFileType = sourcecode.c.h; path = AppDelegate.h; sourceTree = "<group>"; };
		EC7C91542060DB8B00F69FAB /* AppDelegate.m */ = {isa = PBXFileReference; lastKnownFileType = sourcecode.c.objc; path = AppDelegate.m; sourceTree = "<group>"; };
		EC7C91562060DB8B00F69FAB /* ViewController.h */ = {isa = PBXFileReference; lastKnownFileType = sourcecode.c.h; path = ViewController.h; sourceTree = "<group>"; };
		EC7C91572060DB8B00F69FAB /* ViewController.m */ = {isa = PBXFileReference; lastKnownFileType = sourcecode.c.objc; path = ViewController.m; sourceTree = "<group>"; };
		EC7C915A2060DB8B00F69FAB /* Base */ = {isa = PBXFileReference; lastKnownFileType = file.storyboard; name = Base; path = Base.lproj/Main.storyboard; sourceTree = "<group>"; };
		EC7C915C2060DB8B00F69FAB /* Assets.xcassets */ = {isa = PBXFileReference; lastKnownFileType = folder.assetcatalog; path = Assets.xcassets; sourceTree = "<group>"; };
		EC7C915F2060DB8B00F69FAB /* Base */ = {isa = PBXFileReference; lastKnownFileType = file.storyboard; name = Base; path = Base.lproj/LaunchScreen.storyboard; sourceTree = "<group>"; };
		EC7C91612060DB8B00F69FAB /* Info.plist */ = {isa = PBXFileReference; lastKnownFileType = text.plist.xml; path = Info.plist; sourceTree = "<group>"; };
		EC7C91622060DB8B00F69FAB /* main.m */ = {isa = PBXFileReference; lastKnownFileType = sourcecode.c.objc; path = main.m; sourceTree = "<group>"; };
		EC7C91682060DB8B00F69FAB /* PDListTests.xctest */ = {isa = PBXFileReference; explicitFileType = wrapper.cfbundle; includeInIndex = 0; path = PDListTests.xctest; sourceTree = BUILT_PRODUCTS_DIR; };
		EC7C916C2060DB8B00F69FAB /* PDListTests.m */ = {isa = PBXFileReference; lastKnownFileType = sourcecode.c.objc; path = PDListTests.m; sourceTree = "<group>"; };
		EC7C916E2060DB8B00F69FAB /* Info.plist */ = {isa = PBXFileReference; lastKnownFileType = text.plist.xml; path = Info.plist; sourceTree = "<group>"; };
		EC7C91732060DB8B00F69FAB /* PDListUITests.xctest */ = {isa = PBXFileReference; explicitFileType = wrapper.cfbundle; includeInIndex = 0; path = PDListUITests.xctest; sourceTree = BUILT_PRODUCTS_DIR; };
		EC7C91772060DB8B00F69FAB /* PDListUITests.m */ = {isa = PBXFileReference; lastKnownFileType = sourcecode.c.objc; path = PDListUITests.m; sourceTree = "<group>"; };
		EC7C91792060DB8B00F69FAB /* Info.plist */ = {isa = PBXFileReference; lastKnownFileType = text.plist.xml; path = Info.plist; sourceTree = "<group>"; };
/* End PBXFileReference section */

/* Begin PBXFrameworksBuildPhase section */
		EC7C914D2060DB8B00F69FAB /* Frameworks */ = {
			isa = PBXFrameworksBuildPhase;
			buildActionMask = 2147483647;
			files = (
			);
			runOnlyForDeploymentPostprocessing = 0;
		};
		EC7C91652060DB8B00F69FAB /* Frameworks */ = {
			isa = PBXFrameworksBuildPhase;
			buildActionMask = 2147483647;
			files = (
			);
			runOnlyForDeploymentPostprocessing = 0;
		};
		EC7C91702060DB8B00F69FAB /* Frameworks */ = {
			isa = PBXFrameworksBuildPhase;
			buildActionMask = 2147483647;
			files = (
			);
			runOnlyForDeploymentPostprocessing = 0;
		};
/* End PBXFrameworksBuildPhase section */

/* Begin PBXGroup section */
		DDC2F91C23B45D2200D16B88 /* ListAdapter */ = {
			isa = PBXGroup;
			children = (
				DDC2F91623B44D0D00D16B88 /* PDListAdapter+Internal.h */,
				EC223FCB2060DD8600E80D7A /* PDListAdapter.h */,
				EC223FCC2060DD8600E80D7A /* PDListAdapter.m */,
				EC223FF2206209EB00E80D7A /* PDListAdapter+UITableView.h */,
				EC223FF3206209EB00E80D7A /* PDListAdapter+UITableView.m */,
			);
			path = ListAdapter;
			sourceTree = "<group>";
		};
		DDC2F91D23B45D3F00D16B88 /* SectionController */ = {
			isa = PBXGroup;
			children = (
				DDC2F91823B459C500D16B88 /* PDListSectionController+Internal.h */,
				EC223FC82060DD6D00E80D7A /* PDListSectionController.h */,
				EC223FC92060DD6D00E80D7A /* PDListSectionController.m */,
				EC223FF82062280600E80D7A /* PDListSingleSectionController.h */,
				EC223FF92062280600E80D7A /* PDListSingleSectionController.m */,
				DDC2F91923B45B8B00D16B88 /* PDListSectionControllerConfiguration.h */,
				DDC2F91A23B45B8B00D16B88 /* PDListSectionControllerConfiguration.m */,
			);
			path = SectionController;
			sourceTree = "<group>";
		};
		EC223FE1206116FF00E80D7A /* PDCellAutoHeight */ = {
			isa = PBXGroup;
			children = (
				EC223FE82061171600E80D7A /* PDCellAutoHeightConst.h */,
				EC223FE32061171600E80D7A /* PDCellAutoHeightConst.m */,
				EC223FE62061171600E80D7A /* PDCellAutoHeightProtocol.h */,
				EC223FE72061171600E80D7A /* UITableView+PDCellAutoHeight.h */,
				EC223FE42061171600E80D7A /* UITableView+PDCellAutoHeight.m */,
				EC223FE52061171600E80D7A /* UITableViewCell+PDCellAutoHeight.h */,
				EC223FE22061171600E80D7A /* UITableViewCell+PDCellAutoHeight.m */,
			);
			path = PDCellAutoHeight;
			sourceTree = "<group>";
		};
		EC7C91472060DB8B00F69FAB = {
			isa = PBXGroup;
			children = (
				EC7C91522060DB8B00F69FAB /* PDList */,
				EC7C916B2060DB8B00F69FAB /* PDListTests */,
				EC7C91762060DB8B00F69FAB /* PDListUITests */,
				EC7C91512060DB8B00F69FAB /* Products */,
			);
			sourceTree = "<group>";
		};
		EC7C91512060DB8B00F69FAB /* Products */ = {
			isa = PBXGroup;
			children = (
				EC7C91502060DB8B00F69FAB /* PDList.app */,
				EC7C91682060DB8B00F69FAB /* PDListTests.xctest */,
				EC7C91732060DB8B00F69FAB /* PDListUITests.xctest */,
			);
			name = Products;
			sourceTree = "<group>";
		};
		EC7C91522060DB8B00F69FAB /* PDList */ = {
			isa = PBXGroup;
			children = (
				EC223FE1206116FF00E80D7A /* PDCellAutoHeight */,
				EC7C91852060DB9100F69FAB /* Source */,
				EC223FEC206117EE00E80D7A /* PDFirstSectionController.h */,
				EC223FED206117EE00E80D7A /* PDFirstSectionController.m */,
				EC223FEF206117FE00E80D7A /* PDSecondSectionController.h */,
				EC223FF0206117FE00E80D7A /* PDSecondSectionController.m */,
				EC223FDE206115EE00E80D7A /* PDTestCell.h */,
				EC223FDF206115EE00E80D7A /* PDTestCell.m */,
				EC7C91562060DB8B00F69FAB /* ViewController.h */,
				EC7C91572060DB8B00F69FAB /* ViewController.m */,
				EC223FFE2062468100E80D7A /* PDSingleSectionDemoController.h */,
				EC223FFF2062468100E80D7A /* PDSingleSectionDemoController.m */,
				EC7C91532060DB8B00F69FAB /* AppDelegate.h */,
				EC7C91542060DB8B00F69FAB /* AppDelegate.m */,
				EC7C91592060DB8B00F69FAB /* Main.storyboard */,
				EC7C915C2060DB8B00F69FAB /* Assets.xcassets */,
				EC7C915E2060DB8B00F69FAB /* LaunchScreen.storyboard */,
				EC7C91612060DB8B00F69FAB /* Info.plist */,
				EC7C91622060DB8B00F69FAB /* main.m */,
			);
			path = PDList;
			sourceTree = "<group>";
		};
		EC7C916B2060DB8B00F69FAB /* PDListTests */ = {
			isa = PBXGroup;
			children = (
				EC7C916C2060DB8B00F69FAB /* PDListTests.m */,
				EC7C916E2060DB8B00F69FAB /* Info.plist */,
			);
			path = PDListTests;
			sourceTree = "<group>";
		};
		EC7C91762060DB8B00F69FAB /* PDListUITests */ = {
			isa = PBXGroup;
			children = (
				EC7C91772060DB8B00F69FAB /* PDListUITests.m */,
				EC7C91792060DB8B00F69FAB /* Info.plist */,
			);
			path = PDListUITests;
			sourceTree = "<group>";
		};
		EC7C91852060DB9100F69FAB /* Source */ = {
			isa = PBXGroup;
			children = (
				EC2240012062470E00E80D7A /* PDList.h */,
				EC223FF72062262800E80D7A /* PDListAssert.h */,
				DDC2F91D23B45D3F00D16B88 /* SectionController */,
				DDC2F91C23B45D2200D16B88 /* ListAdapter */,
			);
			path = Source;
			sourceTree = "<group>";
		};
/* End PBXGroup section */

/* Begin PBXNativeTarget section */
		EC7C914F2060DB8B00F69FAB /* PDList */ = {
			isa = PBXNativeTarget;
			buildConfigurationList = EC7C917C2060DB8B00F69FAB /* Build configuration list for PBXNativeTarget "PDList" */;
			buildPhases = (
				EC7C914C2060DB8B00F69FAB /* Sources */,
				EC7C914D2060DB8B00F69FAB /* Frameworks */,
				EC7C914E2060DB8B00F69FAB /* Resources */,
			);
			buildRules = (
			);
			dependencies = (
			);
			name = PDList;
			productName = PDList;
			productReference = EC7C91502060DB8B00F69FAB /* PDList.app */;
			productType = "com.apple.product-type.application";
		};
		EC7C91672060DB8B00F69FAB /* PDListTests */ = {
			isa = PBXNativeTarget;
			buildConfigurationList = EC7C917F2060DB8B00F69FAB /* Build configuration list for PBXNativeTarget "PDListTests" */;
			buildPhases = (
				EC7C91642060DB8B00F69FAB /* Sources */,
				EC7C91652060DB8B00F69FAB /* Frameworks */,
				EC7C91662060DB8B00F69FAB /* Resources */,
			);
			buildRules = (
			);
			dependencies = (
				EC7C916A2060DB8B00F69FAB /* PBXTargetDependency */,
			);
			name = PDListTests;
			productName = PDListTests;
			productReference = EC7C91682060DB8B00F69FAB /* PDListTests.xctest */;
			productType = "com.apple.product-type.bundle.unit-test";
		};
		EC7C91722060DB8B00F69FAB /* PDListUITests */ = {
			isa = PBXNativeTarget;
			buildConfigurationList = EC7C91822060DB8B00F69FAB /* Build configuration list for PBXNativeTarget "PDListUITests" */;
			buildPhases = (
				EC7C916F2060DB8B00F69FAB /* Sources */,
				EC7C91702060DB8B00F69FAB /* Frameworks */,
				EC7C91712060DB8B00F69FAB /* Resources */,
			);
			buildRules = (
			);
			dependencies = (
				EC7C91752060DB8B00F69FAB /* PBXTargetDependency */,
			);
			name = PDListUITests;
			productName = PDListUITests;
			productReference = EC7C91732060DB8B00F69FAB /* PDListUITests.xctest */;
			productType = "com.apple.product-type.bundle.ui-testing";
		};
/* End PBXNativeTarget section */

/* Begin PBXProject section */
		EC7C91482060DB8B00F69FAB /* Project object */ = {
			isa = PBXProject;
			attributes = {
				LastUpgradeCheck = 0920;
				ORGANIZATIONNAME = PipeDog;
				TargetAttributes = {
					EC7C914F2060DB8B00F69FAB = {
						CreatedOnToolsVersion = 9.2;
						ProvisioningStyle = Automatic;
					};
					EC7C91672060DB8B00F69FAB = {
						CreatedOnToolsVersion = 9.2;
						ProvisioningStyle = Automatic;
						TestTargetID = EC7C914F2060DB8B00F69FAB;
					};
					EC7C91722060DB8B00F69FAB = {
						CreatedOnToolsVersion = 9.2;
						ProvisioningStyle = Automatic;
						TestTargetID = EC7C914F2060DB8B00F69FAB;
					};
				};
			};
			buildConfigurationList = EC7C914B2060DB8B00F69FAB /* Build configuration list for PBXProject "PDList" */;
			compatibilityVersion = "Xcode 8.0";
			developmentRegion = en;
			hasScannedForEncodings = 0;
			knownRegions = (
				en,
				Base,
			);
			mainGroup = EC7C91472060DB8B00F69FAB;
			productRefGroup = EC7C91512060DB8B00F69FAB /* Products */;
			projectDirPath = "";
			projectRoot = "";
			targets = (
				EC7C914F2060DB8B00F69FAB /* PDList */,
				EC7C91672060DB8B00F69FAB /* PDListTests */,
				EC7C91722060DB8B00F69FAB /* PDListUITests */,
			);
		};
/* End PBXProject section */

/* Begin PBXResourcesBuildPhase section */
		EC7C914E2060DB8B00F69FAB /* Resources */ = {
			isa = PBXResourcesBuildPhase;
			buildActionMask = 2147483647;
			files = (
				EC7C91602060DB8B00F69FAB /* LaunchScreen.storyboard in Resources */,
				EC7C915D2060DB8B00F69FAB /* Assets.xcassets in Resources */,
				EC7C915B2060DB8B00F69FAB /* Main.storyboard in Resources */,
			);
			runOnlyForDeploymentPostprocessing = 0;
		};
		EC7C91662060DB8B00F69FAB /* Resources */ = {
			isa = PBXResourcesBuildPhase;
			buildActionMask = 2147483647;
			files = (
			);
			runOnlyForDeploymentPostprocessing = 0;
		};
		EC7C91712060DB8B00F69FAB /* Resources */ = {
			isa = PBXResourcesBuildPhase;
			buildActionMask = 2147483647;
			files = (
			);
			runOnlyForDeploymentPostprocessing = 0;
		};
/* End PBXResourcesBuildPhase section */

/* Begin PBXSourcesBuildPhase section */
		EC7C914C2060DB8B00F69FAB /* Sources */ = {
			isa = PBXSourcesBuildPhase;
			buildActionMask = 2147483647;
			files = (
				EC7C91582060DB8B00F69FAB /* ViewController.m in Sources */,
				EC223FF4206209EB00E80D7A /* PDListAdapter+UITableView.m in Sources */,
				EC223FF1206117FE00E80D7A /* PDSecondSectionController.m in Sources */,
				EC223FE92061171600E80D7A /* UITableViewCell+PDCellAutoHeight.m in Sources */,
				EC223FCD2060DD8600E80D7A /* PDListAdapter.m in Sources */,
				DDC2F91B23B45B8B00D16B88 /* PDListSectionControllerConfiguration.m in Sources */,
				EC223FFA2062280600E80D7A /* PDListSingleSectionController.m in Sources */,
				EC223FCA2060DD6D00E80D7A /* PDListSectionController.m in Sources */,
				EC223FE0206115EE00E80D7A /* PDTestCell.m in Sources */,
				EC223FEA2061171600E80D7A /* PDCellAutoHeightConst.m in Sources */,
				EC223FEE206117EE00E80D7A /* PDFirstSectionController.m in Sources */,
				EC7C91632060DB8B00F69FAB /* main.m in Sources */,
				EC7C91552060DB8B00F69FAB /* AppDelegate.m in Sources */,
				EC2240002062468100E80D7A /* PDSingleSectionDemoController.m in Sources */,
				EC223FEB2061171600E80D7A /* UITableView+PDCellAutoHeight.m in Sources */,
			);
			runOnlyForDeploymentPostprocessing = 0;
		};
		EC7C91642060DB8B00F69FAB /* Sources */ = {
			isa = PBXSourcesBuildPhase;
			buildActionMask = 2147483647;
			files = (
				EC7C916D2060DB8B00F69FAB /* PDListTests.m in Sources */,
			);
			runOnlyForDeploymentPostprocessing = 0;
		};
		EC7C916F2060DB8B00F69FAB /* Sources */ = {
			isa = PBXSourcesBuildPhase;
			buildActionMask = 2147483647;
			files = (
				EC7C91782060DB8B00F69FAB /* PDListUITests.m in Sources */,
			);
			runOnlyForDeploymentPostprocessing = 0;
		};
/* End PBXSourcesBuildPhase section */

/* Begin PBXTargetDependency section */
		EC7C916A2060DB8B00F69FAB /* PBXTargetDependency */ = {
			isa = PBXTargetDependency;
			target = EC7C914F2060DB8B00F69FAB /* PDList */;
			targetProxy = EC7C91692060DB8B00F69FAB /* PBXContainerItemProxy */;
		};
		EC7C91752060DB8B00F69FAB /* PBXTargetDependency */ = {
			isa = PBXTargetDependency;
			target = EC7C914F2060DB8B00F69FAB /* PDList */;
			targetProxy = EC7C91742060DB8B00F69FAB /* PBXContainerItemProxy */;
		};
/* End PBXTargetDependency section */

/* Begin PBXVariantGroup section */
		EC7C91592060DB8B00F69FAB /* Main.storyboard */ = {
			isa = PBXVariantGroup;
			children = (
				EC7C915A2060DB8B00F69FAB /* Base */,
			);
			name = Main.storyboard;
			sourceTree = "<group>";
		};
		EC7C915E2060DB8B00F69FAB /* LaunchScreen.storyboard */ = {
			isa = PBXVariantGroup;
			children = (
				EC7C915F2060DB8B00F69FAB /* Base */,
			);
			name = LaunchScreen.storyboard;
			sourceTree = "<group>";
		};
/* End PBXVariantGroup section */

/* Begin XCBuildConfiguration section */
		EC7C917A2060DB8B00F69FAB /* Debug */ = {
			isa = XCBuildConfiguration;
			buildSettings = {
				ALWAYS_SEARCH_USER_PATHS = NO;
				CLANG_ANALYZER_NONNULL = YES;
				CLANG_ANALYZER_NUMBER_OBJECT_CONVERSION = YES_AGGRESSIVE;
				CLANG_CXX_LANGUAGE_STANDARD = "gnu++14";
				CLANG_CXX_LIBRARY = "libc++";
				CLANG_ENABLE_MODULES = YES;
				CLANG_ENABLE_OBJC_ARC = YES;
				CLANG_WARN_BLOCK_CAPTURE_AUTORELEASING = YES;
				CLANG_WARN_BOOL_CONVERSION = YES;
				CLANG_WARN_COMMA = YES;
				CLANG_WARN_CONSTANT_CONVERSION = YES;
				CLANG_WARN_DIRECT_OBJC_ISA_USAGE = YES_ERROR;
				CLANG_WARN_DOCUMENTATION_COMMENTS = YES;
				CLANG_WARN_EMPTY_BODY = YES;
				CLANG_WARN_ENUM_CONVERSION = YES;
				CLANG_WARN_INFINITE_RECURSION = YES;
				CLANG_WARN_INT_CONVERSION = YES;
				CLANG_WARN_NON_LITERAL_NULL_CONVERSION = YES;
				CLANG_WARN_OBJC_LITERAL_CONVERSION = YES;
				CLANG_WARN_OBJC_ROOT_CLASS = YES_ERROR;
				CLANG_WARN_RANGE_LOOP_ANALYSIS = YES;
				CLANG_WARN_STRICT_PROTOTYPES = YES;
				CLANG_WARN_SUSPICIOUS_MOVE = YES;
				CLANG_WARN_UNGUARDED_AVAILABILITY = YES_AGGRESSIVE;
				CLANG_WARN_UNREACHABLE_CODE = YES;
				CLANG_WARN__DUPLICATE_METHOD_MATCH = YES;
				CODE_SIGN_IDENTITY = "iPhone Developer";
				COPY_PHASE_STRIP = NO;
				DEBUG_INFORMATION_FORMAT = dwarf;
				ENABLE_STRICT_OBJC_MSGSEND = YES;
				ENABLE_TESTABILITY = YES;
				GCC_C_LANGUAGE_STANDARD = gnu11;
				GCC_DYNAMIC_NO_PIC = NO;
				GCC_NO_COMMON_BLOCKS = YES;
				GCC_OPTIMIZATION_LEVEL = 0;
				GCC_PREPROCESSOR_DEFINITIONS = (
					"DEBUG=1",
					"$(inherited)",
				);
				GCC_WARN_64_TO_32_BIT_CONVERSION = YES;
				GCC_WARN_ABOUT_RETURN_TYPE = YES_ERROR;
				GCC_WARN_UNDECLARED_SELECTOR = YES;
				GCC_WARN_UNINITIALIZED_AUTOS = YES_AGGRESSIVE;
				GCC_WARN_UNUSED_FUNCTION = YES;
				GCC_WARN_UNUSED_VARIABLE = YES;
				IPHONEOS_DEPLOYMENT_TARGET = 11.2;
				MTL_ENABLE_DEBUG_INFO = YES;
				ONLY_ACTIVE_ARCH = YES;
				SDKROOT = iphoneos;
			};
			name = Debug;
		};
		EC7C917B2060DB8B00F69FAB /* Release */ = {
			isa = XCBuildConfiguration;
			buildSettings = {
				ALWAYS_SEARCH_USER_PATHS = NO;
				CLANG_ANALYZER_NONNULL = YES;
				CLANG_ANALYZER_NUMBER_OBJECT_CONVERSION = YES_AGGRESSIVE;
				CLANG_CXX_LANGUAGE_STANDARD = "gnu++14";
				CLANG_CXX_LIBRARY = "libc++";
				CLANG_ENABLE_MODULES = YES;
				CLANG_ENABLE_OBJC_ARC = YES;
				CLANG_WARN_BLOCK_CAPTURE_AUTORELEASING = YES;
				CLANG_WARN_BOOL_CONVERSION = YES;
				CLANG_WARN_COMMA = YES;
				CLANG_WARN_CONSTANT_CONVERSION = YES;
				CLANG_WARN_DIRECT_OBJC_ISA_USAGE = YES_ERROR;
				CLANG_WARN_DOCUMENTATION_COMMENTS = YES;
				CLANG_WARN_EMPTY_BODY = YES;
				CLANG_WARN_ENUM_CONVERSION = YES;
				CLANG_WARN_INFINITE_RECURSION = YES;
				CLANG_WARN_INT_CONVERSION = YES;
				CLANG_WARN_NON_LITERAL_NULL_CONVERSION = YES;
				CLANG_WARN_OBJC_LITERAL_CONVERSION = YES;
				CLANG_WARN_OBJC_ROOT_CLASS = YES_ERROR;
				CLANG_WARN_RANGE_LOOP_ANALYSIS = YES;
				CLANG_WARN_STRICT_PROTOTYPES = YES;
				CLANG_WARN_SUSPICIOUS_MOVE = YES;
				CLANG_WARN_UNGUARDED_AVAILABILITY = YES_AGGRESSIVE;
				CLANG_WARN_UNREACHABLE_CODE = YES;
				CLANG_WARN__DUPLICATE_METHOD_MATCH = YES;
				CODE_SIGN_IDENTITY = "iPhone Developer";
				COPY_PHASE_STRIP = NO;
				DEBUG_INFORMATION_FORMAT = "dwarf-with-dsym";
				ENABLE_NS_ASSERTIONS = NO;
				ENABLE_STRICT_OBJC_MSGSEND = YES;
				GCC_C_LANGUAGE_STANDARD = gnu11;
				GCC_NO_COMMON_BLOCKS = YES;
				GCC_WARN_64_TO_32_BIT_CONVERSION = YES;
				GCC_WARN_ABOUT_RETURN_TYPE = YES_ERROR;
				GCC_WARN_UNDECLARED_SELECTOR = YES;
				GCC_WARN_UNINITIALIZED_AUTOS = YES_AGGRESSIVE;
				GCC_WARN_UNUSED_FUNCTION = YES;
				GCC_WARN_UNUSED_VARIABLE = YES;
				IPHONEOS_DEPLOYMENT_TARGET = 11.2;
				MTL_ENABLE_DEBUG_INFO = NO;
				SDKROOT = iphoneos;
				VALIDATE_PRODUCT = YES;
			};
			name = Release;
		};
		EC7C917D2060DB8B00F69FAB /* Debug */ = {
			isa = XCBuildConfiguration;
			buildSettings = {
				ASSETCATALOG_COMPILER_APPICON_NAME = AppIcon;
				CODE_SIGN_STYLE = Automatic;
				INFOPLIST_FILE = PDList/Info.plist;
				IPHONEOS_DEPLOYMENT_TARGET = 9.0;
				LD_RUNPATH_SEARCH_PATHS = "$(inherited) @executable_path/Frameworks";
				PRODUCT_BUNDLE_IDENTIFIER = PipeDog.PDList;
				PRODUCT_NAME = "$(TARGET_NAME)";
				TARGETED_DEVICE_FAMILY = "1,2";
			};
			name = Debug;
		};
		EC7C917E2060DB8B00F69FAB /* Release */ = {
			isa = XCBuildConfiguration;
			buildSettings = {
				ASSETCATALOG_COMPILER_APPICON_NAME = AppIcon;
				CODE_SIGN_STYLE = Automatic;
				INFOPLIST_FILE = PDList/Info.plist;
				IPHONEOS_DEPLOYMENT_TARGET = 9.0;
				LD_RUNPATH_SEARCH_PATHS = "$(inherited) @executable_path/Frameworks";
				PRODUCT_BUNDLE_IDENTIFIER = PipeDog.PDList;
				PRODUCT_NAME = "$(TARGET_NAME)";
				TARGETED_DEVICE_FAMILY = "1,2";
			};
			name = Release;
		};
		EC7C91802060DB8B00F69FAB /* Debug */ = {
			isa = XCBuildConfiguration;
			buildSettings = {
				BUNDLE_LOADER = "$(TEST_HOST)";
				CODE_SIGN_STYLE = Automatic;
				INFOPLIST_FILE = PDListTests/Info.plist;
				LD_RUNPATH_SEARCH_PATHS = "$(inherited) @executable_path/Frameworks @loader_path/Frameworks";
				PRODUCT_BUNDLE_IDENTIFIER = PipeDog.PDListTests;
				PRODUCT_NAME = "$(TARGET_NAME)";
				TARGETED_DEVICE_FAMILY = "1,2";
				TEST_HOST = "$(BUILT_PRODUCTS_DIR)/PDList.app/PDList";
			};
			name = Debug;
		};
		EC7C91812060DB8B00F69FAB /* Release */ = {
			isa = XCBuildConfiguration;
			buildSettings = {
				BUNDLE_LOADER = "$(TEST_HOST)";
				CODE_SIGN_STYLE = Automatic;
				INFOPLIST_FILE = PDListTests/Info.plist;
				LD_RUNPATH_SEARCH_PATHS = "$(inherited) @executable_path/Frameworks @loader_path/Frameworks";
				PRODUCT_BUNDLE_IDENTIFIER = PipeDog.PDListTests;
				PRODUCT_NAME = "$(TARGET_NAME)";
				TARGETED_DEVICE_FAMILY = "1,2";
				TEST_HOST = "$(BUILT_PRODUCTS_DIR)/PDList.app/PDList";
			};
			name = Release;
		};
		EC7C91832060DB8B00F69FAB /* Debug */ = {
			isa = XCBuildConfiguration;
			buildSettings = {
				CODE_SIGN_STYLE = Automatic;
				INFOPLIST_FILE = PDListUITests/Info.plist;
				LD_RUNPATH_SEARCH_PATHS = "$(inherited) @executable_path/Frameworks @loader_path/Frameworks";
				PRODUCT_BUNDLE_IDENTIFIER = PipeDog.PDListUITests;
				PRODUCT_NAME = "$(TARGET_NAME)";
				TARGETED_DEVICE_FAMILY = "1,2";
				TEST_TARGET_NAME = PDList;
			};
			name = Debug;
		};
		EC7C91842060DB8B00F69FAB /* Release */ = {
			isa = XCBuildConfiguration;
			buildSettings = {
				CODE_SIGN_STYLE = Automatic;
				INFOPLIST_FILE = PDListUITests/Info.plist;
				LD_RUNPATH_SEARCH_PATHS = "$(inherited) @executable_path/Frameworks @loader_path/Frameworks";
				PRODUCT_BUNDLE_IDENTIFIER = PipeDog.PDListUITests;
				PRODUCT_NAME = "$(TARGET_NAME)";
				TARGETED_DEVICE_FAMILY = "1,2";
				TEST_TARGET_NAME = PDList;
			};
			name = Release;
		};
/* End XCBuildConfiguration section */

/* Begin XCConfigurationList section */
		EC7C914B2060DB8B00F69FAB /* Build configuration list for PBXProject "PDList" */ = {
			isa = XCConfigurationList;
			buildConfigurations = (
				EC7C917A2060DB8B00F69FAB /* Debug */,
				EC7C917B2060DB8B00F69FAB /* Release */,
			);
			defaultConfigurationIsVisible = 0;
			defaultConfigurationName = Release;
		};
		EC7C917C2060DB8B00F69FAB /* Build configuration list for PBXNativeTarget "PDList" */ = {
			isa = XCConfigurationList;
			buildConfigurations = (
				EC7C917D2060DB8B00F69FAB /* Debug */,
				EC7C917E2060DB8B00F69FAB /* Release */,
			);
			defaultConfigurationIsVisible = 0;
			defaultConfigurationName = Release;
		};
		EC7C917F2060DB8B00F69FAB /* Build configuration list for PBXNativeTarget "PDListTests" */ = {
			isa = XCConfigurationList;
			buildConfigurations = (
				EC7C91802060DB8B00F69FAB /* Debug */,
				EC7C91812060DB8B00F69FAB /* Release */,
			);
			defaultConfigurationIsVisible = 0;
			defaultConfigurationName = Release;
		};
		EC7C91822060DB8B00F69FAB /* Build configuration list for PBXNativeTarget "PDListUITests" */ = {
			isa = XCConfigurationList;
			buildConfigurations = (
				EC7C91832060DB8B00F69FAB /* Debug */,
				EC7C91842060DB8B00F69FAB /* Release */,
			);
			defaultConfigurationIsVisible = 0;
			defaultConfigurationName = Release;
		};
/* End XCConfigurationList section */
	};
	rootObject = EC7C91482060DB8B00F69FAB /* Project object */;
}
